
Microsoft Visual Studio Solution File, Format Version 12.00
# Visual Studio Version 17
VisualStudioVersion = 17.6.33712.159
MinimumVisualStudioVersion = 10.0.40219.1
Project("{FAE04EC0-301F-11D3-BF4B-00C04F79EFBC}") = "SheetHelper", "SheetHelper\SheetHelper.csproj", "{895100FA-80BD-4C16-9B0F-E47A014C63E6}"
EndProject
Global
	GlobalSection(SolutionConfigurationPlatforms) = preSolution
		Debug|Any CPU = Debug|Any CPU
		Release|Any CPU = Release|Any CPU
	EndGlobalSection
	GlobalSection(ProjectConfigurationPlatforms) = postSolution
		{895100FA-80BD-4C16-9B0F-E47A014C63E6}.Debug|Any CPU.ActiveCfg = Debug|Any CPU
		{895100FA-80BD-4C16-9B0F-E47A014C63E6}.Debug|Any CPU.Build.0 = Debug|Any CPU
		{895100FA-80BD-4C16-9B0F-E47A014C63E6}.Release|Any CPU.ActiveCfg = Release|Any CPU
		{895100FA-80BD-4C16-9B0F-E47A014C63E6}.Release|Any CPU.Build.0 = Release|Any CPU
	EndGlobalSection
	GlobalSection(SolutionProperties) = preSolution
		HideSolutionNode = FALSE
	EndGlobalSection
	GlobalSection(ExtensibilityGlobals) = postSolution
		SolutionGuid = {33A6E774-E2CD-402F-AFE9-07E9376D5C05}
	EndGlobalSection
EndGlobal
